
Microsoft Visual Studio Solution File, Format Version 12.00
# Visual Studio 15
Project("{FAE04EC0-301F-11D3-BF4B-00C04F79EFBC}") = "Chapter_0001", "Chapter_0001\Chapter_0001.csproj", "{84EC2DD4-A0E7-4468-897D-C639E3647E41}"
EndProject
Project("{FAE04EC0-301F-11D3-BF4B-00C04F79EFBC}") = "Chapter_0005", "Chapter_0005\Chapter_0005.csproj", "{C1CF37D3-165B-4626-8BEE-402A01B23F02}"
EndProject
Project("{FAE04EC0-301F-11D3-BF4B-00C04F79EFBC}") = "Homework0001", "HomeWork\Homework0001.csproj", "{A43D9E79-56D8-408C-A42C-97ECB2266E93}"
EndProject
Project("{FAE04EC0-301F-11D3-BF4B-00C04F79EFBC}") = "HomeWork0002", "HomeWork2\HomeWork0002.csproj", "{589E07B4-EDB5-415F-BC67-EA375E3D4240}"
EndProject
Project("{FAE04EC0-301F-11D3-BF4B-00C04F79EFBC}") = "Homework0008", "Homework8\Homework0008.csproj", "{68EF2831-2027-4A7F-98EE-A088EB704641}"
EndProject
Project("{FAE04EC0-301F-11D3-BF4B-00C04F79EFBC}") = "Homework0003", "Homework3\Homework0003.csproj", "{6330E639-12AC-496D-87AC-F428C22CCE7F}"
EndProject
Project("{FAE04EC0-301F-11D3-BF4B-00C04F79EFBC}") = "Homework0004", "Homework4\Homework0004.csproj", "{D1649F07-9A63-464B-9774-FDDD332F975F}"
EndProject
Project("{FAE04EC0-301F-11D3-BF4B-00C04F79EFBC}") = "Homework0005", "Homework5\Homework0005.csproj", "{B8F82022-7C0A-430D-8325-B129ED0114F4}"
EndProject
Project("{FAE04EC0-301F-11D3-BF4B-00C04F79EFBC}") = "Homework0006", "Homework6\Homework0006.csproj", "{A3DA517F-9EB1-46D2-A2FC-2E2EE2886DC2}"
EndProject
Project("{FAE04EC0-301F-11D3-BF4B-00C04F79EFBC}") = "Homework0007", "Homework7\Homework0007.csproj", "{BAD801DC-CFED-4AC1-9165-3320A744B82A}"
EndProject
Project("{FAE04EC0-301F-11D3-BF4B-00C04F79EFBC}") = "Homework0009", "Homework9\Homework0009.csproj", "{F90D3B3F-9B31-454D-8331-75162A6AFF08}"
EndProject
Project("{FAE04EC0-301F-11D3-BF4B-00C04F79EFBC}") = "Homework0010", "Homework10\Homework0010.csproj", "{F8071AF0-8031-406B-9529-9EA4651F1210}"
EndProject
Project("{FAE04EC0-301F-11D3-BF4B-00C04F79EFBC}") = "Homework0011", "Homework11\Homework0011.csproj", "{B8633B4C-FA58-4734-8383-67A95719277D}"
EndProject
Project("{FAE04EC0-301F-11D3-BF4B-00C04F79EFBC}") = "Homework0012", "Homework0012\Homework0012.csproj", "{8F8E59F3-3C6A-486E-89E2-5A826457DCF1}"
EndProject
Project("{FAE04EC0-301F-11D3-BF4B-00C04F79EFBC}") = "MyHobbyWebsite", "MyHobbyWebsite\MyHobbyWebsite.csproj", "{312EB663-D7CC-4230-B917-FBA36E41022D}"
EndProject
Project("{FAE04EC0-301F-11D3-BF4B-00C04F79EFBC}") = "Homework0013", "Homework0013\Homework0013.csproj", "{0C58401A-2B33-41FA-A873-4E82950B5456}"
EndProject
Project("{FAE04EC0-301F-11D3-BF4B-00C04F79EFBC}") = "WebAppMariSNS", "WebAppMariSNS\WebAppMariSNS.csproj", "{E6D24AC0-FCE8-445B-A390-2C80D78F25B9}"
EndProject
Global
	GlobalSection(SolutionConfigurationPlatforms) = preSolution
		Debug|Any CPU = Debug|Any CPU
		Release|Any CPU = Release|Any CPU
	EndGlobalSection
	GlobalSection(ProjectConfigurationPlatforms) = postSolution
		{84EC2DD4-A0E7-4468-897D-C639E3647E41}.Debug|Any CPU.ActiveCfg = Debug|Any CPU
		{84EC2DD4-A0E7-4468-897D-C639E3647E41}.Debug|Any CPU.Build.0 = Debug|Any CPU
		{84EC2DD4-A0E7-4468-897D-C639E3647E41}.Release|Any CPU.ActiveCfg = Release|Any CPU
		{84EC2DD4-A0E7-4468-897D-C639E3647E41}.Release|Any CPU.Build.0 = Release|Any CPU
		{C1CF37D3-165B-4626-8BEE-402A01B23F02}.Debug|Any CPU.ActiveCfg = Debug|Any CPU
		{C1CF37D3-165B-4626-8BEE-402A01B23F02}.Debug|Any CPU.Build.0 = Debug|Any CPU
		{C1CF37D3-165B-4626-8BEE-402A01B23F02}.Release|Any CPU.ActiveCfg = Release|Any CPU
		{C1CF37D3-165B-4626-8BEE-402A01B23F02}.Release|Any CPU.Build.0 = Release|Any CPU
		{A43D9E79-56D8-408C-A42C-97ECB2266E93}.Debug|Any CPU.ActiveCfg = Debug|Any CPU
		{A43D9E79-56D8-408C-A42C-97ECB2266E93}.Debug|Any CPU.Build.0 = Debug|Any CPU
		{A43D9E79-56D8-408C-A42C-97ECB2266E93}.Release|Any CPU.ActiveCfg = Release|Any CPU
		{A43D9E79-56D8-408C-A42C-97ECB2266E93}.Release|Any CPU.Build.0 = Release|Any CPU
		{589E07B4-EDB5-415F-BC67-EA375E3D4240}.Debug|Any CPU.ActiveCfg = Debug|Any CPU
		{589E07B4-EDB5-415F-BC67-EA375E3D4240}.Debug|Any CPU.Build.0 = Debug|Any CPU
		{589E07B4-EDB5-415F-BC67-EA375E3D4240}.Release|Any CPU.ActiveCfg = Release|Any CPU
		{589E07B4-EDB5-415F-BC67-EA375E3D4240}.Release|Any CPU.Build.0 = Release|Any CPU
		{68EF2831-2027-4A7F-98EE-A088EB704641}.Debug|Any CPU.ActiveCfg = Debug|Any CPU
		{68EF2831-2027-4A7F-98EE-A088EB704641}.Debug|Any CPU.Build.0 = Debug|Any CPU
		{68EF2831-2027-4A7F-98EE-A088EB704641}.Release|Any CPU.ActiveCfg = Release|Any CPU
		{68EF2831-2027-4A7F-98EE-A088EB704641}.Release|Any CPU.Build.0 = Release|Any CPU
		{6330E639-12AC-496D-87AC-F428C22CCE7F}.Debug|Any CPU.ActiveCfg = Debug|Any CPU
		{6330E639-12AC-496D-87AC-F428C22CCE7F}.Debug|Any CPU.Build.0 = Debug|Any CPU
		{6330E639-12AC-496D-87AC-F428C22CCE7F}.Release|Any CPU.ActiveCfg = Release|Any CPU
		{6330E639-12AC-496D-87AC-F428C22CCE7F}.Release|Any CPU.Build.0 = Release|Any CPU
		{D1649F07-9A63-464B-9774-FDDD332F975F}.Debug|Any CPU.ActiveCfg = Debug|Any CPU
		{D1649F07-9A63-464B-9774-FDDD332F975F}.Debug|Any CPU.Build.0 = Debug|Any CPU
		{D1649F07-9A63-464B-9774-FDDD332F975F}.Release|Any CPU.ActiveCfg = Release|Any CPU
		{D1649F07-9A63-464B-9774-FDDD332F975F}.Release|Any CPU.Build.0 = Release|Any CPU
		{B8F82022-7C0A-430D-8325-B129ED0114F4}.Debug|Any CPU.ActiveCfg = Debug|Any CPU
		{B8F82022-7C0A-430D-8325-B129ED0114F4}.Debug|Any CPU.Build.0 = Debug|Any CPU
		{B8F82022-7C0A-430D-8325-B129ED0114F4}.Release|Any CPU.ActiveCfg = Release|Any CPU
		{B8F82022-7C0A-430D-8325-B129ED0114F4}.Release|Any CPU.Build.0 = Release|Any CPU
		{A3DA517F-9EB1-46D2-A2FC-2E2EE2886DC2}.Debug|Any CPU.ActiveCfg = Debug|Any CPU
		{A3DA517F-9EB1-46D2-A2FC-2E2EE2886DC2}.Debug|Any CPU.Build.0 = Debug|Any CPU
		{A3DA517F-9EB1-46D2-A2FC-2E2EE2886DC2}.Release|Any CPU.ActiveCfg = Release|Any CPU
		{A3DA517F-9EB1-46D2-A2FC-2E2EE2886DC2}.Release|Any CPU.Build.0 = Release|Any CPU
		{BAD801DC-CFED-4AC1-9165-3320A744B82A}.Debug|Any CPU.ActiveCfg = Debug|Any CPU
		{BAD801DC-CFED-4AC1-9165-3320A744B82A}.Debug|Any CPU.Build.0 = Debug|Any CPU
		{BAD801DC-CFED-4AC1-9165-3320A744B82A}.Release|Any CPU.ActiveCfg = Release|Any CPU
		{BAD801DC-CFED-4AC1-9165-3320A744B82A}.Release|Any CPU.Build.0 = Release|Any CPU
		{F90D3B3F-9B31-454D-8331-75162A6AFF08}.Debug|Any CPU.ActiveCfg = Debug|Any CPU
		{F90D3B3F-9B31-454D-8331-75162A6AFF08}.Debug|Any CPU.Build.0 = Debug|Any CPU
		{F90D3B3F-9B31-454D-8331-75162A6AFF08}.Release|Any CPU.ActiveCfg = Release|Any CPU
		{F90D3B3F-9B31-454D-8331-75162A6AFF08}.Release|Any CPU.Build.0 = Release|Any CPU
		{F8071AF0-8031-406B-9529-9EA4651F1210}.Debug|Any CPU.ActiveCfg = Debug|Any CPU
		{F8071AF0-8031-406B-9529-9EA4651F1210}.Debug|Any CPU.Build.0 = Debug|Any CPU
		{F8071AF0-8031-406B-9529-9EA4651F1210}.Release|Any CPU.ActiveCfg = Release|Any CPU
		{F8071AF0-8031-406B-9529-9EA4651F1210}.Release|Any CPU.Build.0 = Release|Any CPU
		{B8633B4C-FA58-4734-8383-67A95719277D}.Debug|Any CPU.ActiveCfg = Debug|Any CPU
		{B8633B4C-FA58-4734-8383-67A95719277D}.Debug|Any CPU.Build.0 = Debug|Any CPU
		{B8633B4C-FA58-4734-8383-67A95719277D}.Release|Any CPU.ActiveCfg = Release|Any CPU
		{B8633B4C-FA58-4734-8383-67A95719277D}.Release|Any CPU.Build.0 = Release|Any CPU
		{8F8E59F3-3C6A-486E-89E2-5A826457DCF1}.Debug|Any CPU.ActiveCfg = Debug|Any CPU
		{8F8E59F3-3C6A-486E-89E2-5A826457DCF1}.Debug|Any CPU.Build.0 = Debug|Any CPU
		{8F8E59F3-3C6A-486E-89E2-5A826457DCF1}.Release|Any CPU.ActiveCfg = Release|Any CPU
		{8F8E59F3-3C6A-486E-89E2-5A826457DCF1}.Release|Any CPU.Build.0 = Release|Any CPU
		{312EB663-D7CC-4230-B917-FBA36E41022D}.Debug|Any CPU.ActiveCfg = Debug|Any CPU
		{312EB663-D7CC-4230-B917-FBA36E41022D}.Debug|Any CPU.Build.0 = Debug|Any CPU
		{312EB663-D7CC-4230-B917-FBA36E41022D}.Release|Any CPU.ActiveCfg = Release|Any CPU
		{312EB663-D7CC-4230-B917-FBA36E41022D}.Release|Any CPU.Build.0 = Release|Any CPU
		{0C58401A-2B33-41FA-A873-4E82950B5456}.Debug|Any CPU.ActiveCfg = Debug|Any CPU
		{0C58401A-2B33-41FA-A873-4E82950B5456}.Debug|Any CPU.Build.0 = Debug|Any CPU
		{0C58401A-2B33-41FA-A873-4E82950B5456}.Release|Any CPU.ActiveCfg = Release|Any CPU
		{0C58401A-2B33-41FA-A873-4E82950B5456}.Release|Any CPU.Build.0 = Release|Any CPU
		{E6D24AC0-FCE8-445B-A390-2C80D78F25B9}.Debug|Any CPU.ActiveCfg = Debug|Any CPU
		{E6D24AC0-FCE8-445B-A390-2C80D78F25B9}.Debug|Any CPU.Build.0 = Debug|Any CPU
		{E6D24AC0-FCE8-445B-A390-2C80D78F25B9}.Release|Any CPU.ActiveCfg = Release|Any CPU
		{E6D24AC0-FCE8-445B-A390-2C80D78F25B9}.Release|Any CPU.Build.0 = Release|Any CPU
	EndGlobalSection
EndGlobal
